// !$*UTF8*$!
{
	archiveVersion = 1;
	classes = {
	};
	objectVersion = 56;
	objects = {

/* Begin PBXBuildFile section */
		3805A0A02C3BCC5100A56BBF /* Profile.swift in Sources */ = {isa = PBXBuildFile; fileRef = 3805A09F2C3BCC5100A56BBF /* Profile.swift */; };
		381173FA2C39618700DDBFF1 /* OTPView2.swift in Sources */ = {isa = PBXBuildFile; fileRef = 381173F92C39618700DDBFF1 /* OTPView2.swift */; };
		388589642C3F00E60007EEA7 /* GradientButton2.swift in Sources */ = {isa = PBXBuildFile; fileRef = 388589632C3F00E60007EEA7 /* GradientButton2.swift */; };
		388589662C3F022E0007EEA7 /* CustomTF2.swift in Sources */ = {isa = PBXBuildFile; fileRef = 388589652C3F022E0007EEA7 /* CustomTF2.swift */; };
		38C070D82C37021700891AD2 /* ForgotPassword.swift in Sources */ = {isa = PBXBuildFile; fileRef = 38C070D72C37021700891AD2 /* ForgotPassword.swift */; };
		38D46B8B2C38189500D482E5 /* PasswordResetView.swift in Sources */ = {isa = PBXBuildFile; fileRef = 38D46B8A2C38189500D482E5 /* PasswordResetView.swift */; };
		38D46B8D2C3833F400D482E5 /* OTPView.swift in Sources */ = {isa = PBXBuildFile; fileRef = 38D46B8C2C3833F400D482E5 /* OTPView.swift */; };
		38D46B8F2C3870B800D482E5 /* OTPVerificationView.swift in Sources */ = {isa = PBXBuildFile; fileRef = 38D46B8E2C3870B800D482E5 /* OTPVerificationView.swift */; };
		38E657162C344188004B5F0D /* View+Extensions.swift in Sources */ = {isa = PBXBuildFile; fileRef = 38E657142C344188004B5F0D /* View+Extensions.swift */; };
		38E6571C2C344194004B5F0D /* CustomTF.swift in Sources */ = {isa = PBXBuildFile; fileRef = 38E657172C344194004B5F0D /* CustomTF.swift */; };
		38E6571D2C344194004B5F0D /* GradientButton.swift in Sources */ = {isa = PBXBuildFile; fileRef = 38E657182C344194004B5F0D /* GradientButton.swift */; };
		38E6571E2C344194004B5F0D /* Login.swift in Sources */ = {isa = PBXBuildFile; fileRef = 38E657192C344194004B5F0D /* Login.swift */; };
		38E6571F2C344194004B5F0D /* Signup.swift in Sources */ = {isa = PBXBuildFile; fileRef = 38E6571A2C344194004B5F0D /* Signup.swift */; };
		38E657212C34419D004B5F0D /* LoginView.swift in Sources */ = {isa = PBXBuildFile; fileRef = 38E657202C34419D004B5F0D /* LoginView.swift */; };
		5E2662832C3C728400E9A389 /* Rubik-ExtraBold.ttf in Resources */ = {isa = PBXBuildFile; fileRef = 5E2662752C3C728400E9A389 /* Rubik-ExtraBold.ttf */; };
		5E2662842C3C728400E9A389 /* Rubik-Italic.ttf in Resources */ = {isa = PBXBuildFile; fileRef = 5E2662762C3C728400E9A389 /* Rubik-Italic.ttf */; };
		5E2662852C3C728400E9A389 /* Rubik-Regular.ttf in Resources */ = {isa = PBXBuildFile; fileRef = 5E2662772C3C728400E9A389 /* Rubik-Regular.ttf */; };
		5E2662862C3C728400E9A389 /* Rubik-Medium.ttf in Resources */ = {isa = PBXBuildFile; fileRef = 5E2662782C3C728400E9A389 /* Rubik-Medium.ttf */; };
		5E2662872C3C728400E9A389 /* Rubik-BlackItalic.ttf in Resources */ = {isa = PBXBuildFile; fileRef = 5E2662792C3C728400E9A389 /* Rubik-BlackItalic.ttf */; };
		5E2662882C3C728400E9A389 /* Rubik-LightItalic.ttf in Resources */ = {isa = PBXBuildFile; fileRef = 5E26627A2C3C728400E9A389 /* Rubik-LightItalic.ttf */; };
		5E2662892C3C728400E9A389 /* Rubik-MediumItalic.ttf in Resources */ = {isa = PBXBuildFile; fileRef = 5E26627B2C3C728400E9A389 /* Rubik-MediumItalic.ttf */; };
		5E26628A2C3C728400E9A389 /* Rubik-SemiBoldItalic.ttf in Resources */ = {isa = PBXBuildFile; fileRef = 5E26627C2C3C728400E9A389 /* Rubik-SemiBoldItalic.ttf */; };
		5E26628B2C3C728400E9A389 /* Rubik-SemiBold.ttf in Resources */ = {isa = PBXBuildFile; fileRef = 5E26627D2C3C728400E9A389 /* Rubik-SemiBold.ttf */; };
		5E26628C2C3C728400E9A389 /* Rubik-Bold.ttf in Resources */ = {isa = PBXBuildFile; fileRef = 5E26627E2C3C728400E9A389 /* Rubik-Bold.ttf */; };
		5E26628D2C3C728400E9A389 /* Rubik-Light.ttf in Resources */ = {isa = PBXBuildFile; fileRef = 5E26627F2C3C728400E9A389 /* Rubik-Light.ttf */; };
		5E26628E2C3C728400E9A389 /* Rubik-BoldItalic.ttf in Resources */ = {isa = PBXBuildFile; fileRef = 5E2662802C3C728400E9A389 /* Rubik-BoldItalic.ttf */; };
		5E26628F2C3C728400E9A389 /* Rubik-Black.ttf in Resources */ = {isa = PBXBuildFile; fileRef = 5E2662812C3C728400E9A389 /* Rubik-Black.ttf */; };
		5E2662902C3C728400E9A389 /* Rubik-ExtraBoldItalic.ttf in Resources */ = {isa = PBXBuildFile; fileRef = 5E2662822C3C728400E9A389 /* Rubik-ExtraBoldItalic.ttf */; };
		5E58D17C2C3D9A810046C99A /* SignUpView.swift in Sources */ = {isa = PBXBuildFile; fileRef = 5E58D17B2C3D9A810046C99A /* SignUpView.swift */; };
		5E58D1812C3DA9DC0046C99A /* CustomTextField.swift in Sources */ = {isa = PBXBuildFile; fileRef = 5E58D1802C3DA9DC0046C99A /* CustomTextField.swift */; };
		5EC50A422C306620006C137C /* Weathering_HeightsApp.swift in Sources */ = {isa = PBXBuildFile; fileRef = 5EC50A412C306620006C137C /* Weathering_HeightsApp.swift */; };
		5EC50A442C306620006C137C /* WelcomeView.swift in Sources */ = {isa = PBXBuildFile; fileRef = 5EC50A432C306620006C137C /* WelcomeView.swift */; };
		5EC50A462C306621006C137C /* Assets.xcassets in Resources */ = {isa = PBXBuildFile; fileRef = 5EC50A452C306621006C137C /* Assets.xcassets */; };
		5EC50A492C306621006C137C /* Preview Assets.xcassets in Resources */ = {isa = PBXBuildFile; fileRef = 5EC50A482C306621006C137C /* Preview Assets.xcassets */; };
		5EC50A532C306621006C137C /* Weathering_HeightsTests.swift in Sources */ = {isa = PBXBuildFile; fileRef = 5EC50A522C306621006C137C /* Weathering_HeightsTests.swift */; };
		5EC50A5D2C306621006C137C /* Weathering_HeightsUITests.swift in Sources */ = {isa = PBXBuildFile; fileRef = 5EC50A5C2C306621006C137C /* Weathering_HeightsUITests.swift */; };
		5EC50A5F2C306621006C137C /* Weathering_HeightsUITestsLaunchTests.swift in Sources */ = {isa = PBXBuildFile; fileRef = 5EC50A5E2C306621006C137C /* Weathering_HeightsUITestsLaunchTests.swift */; };
/* End PBXBuildFile section */

/* Begin PBXContainerItemProxy section */
		5EC50A4F2C306621006C137C /* PBXContainerItemProxy */ = {
			isa = PBXContainerItemProxy;
			containerPortal = 5EC50A362C306620006C137C /* Project object */;
			proxyType = 1;
			remoteGlobalIDString = 5EC50A3D2C306620006C137C;
			remoteInfo = "Weathering Heights";
		};
		5EC50A592C306621006C137C /* PBXContainerItemProxy */ = {
			isa = PBXContainerItemProxy;
			containerPortal = 5EC50A362C306620006C137C /* Project object */;
			proxyType = 1;
			remoteGlobalIDString = 5EC50A3D2C306620006C137C;
			remoteInfo = "Weathering Heights";
		};
/* End PBXContainerItemProxy section */

/* Begin PBXFileReference section */
		3805A09F2C3BCC5100A56BBF /* Profile.swift */ = {isa = PBXFileReference; lastKnownFileType = sourcecode.swift; path = Profile.swift; sourceTree = "<group>"; };
		381173F92C39618700DDBFF1 /* OTPView2.swift */ = {isa = PBXFileReference; fileEncoding = 4; lastKnownFileType = sourcecode.swift; path = OTPView2.swift; sourceTree = "<group>"; };
		388589632C3F00E60007EEA7 /* GradientButton2.swift */ = {isa = PBXFileReference; fileEncoding = 4; lastKnownFileType = sourcecode.swift; path = GradientButton2.swift; sourceTree = "<group>"; };
		388589652C3F022E0007EEA7 /* CustomTF2.swift */ = {isa = PBXFileReference; fileEncoding = 4; lastKnownFileType = sourcecode.swift; path = CustomTF2.swift; sourceTree = "<group>"; };
		38C070D72C37021700891AD2 /* ForgotPassword.swift */ = {isa = PBXFileReference; lastKnownFileType = sourcecode.swift; path = ForgotPassword.swift; sourceTree = "<group>"; };
		38D46B8A2C38189500D482E5 /* PasswordResetView.swift */ = {isa = PBXFileReference; lastKnownFileType = sourcecode.swift; path = PasswordResetView.swift; sourceTree = "<group>"; };
		38D46B8C2C3833F400D482E5 /* OTPView.swift */ = {isa = PBXFileReference; lastKnownFileType = sourcecode.swift; path = OTPView.swift; sourceTree = "<group>"; };
		38D46B8E2C3870B800D482E5 /* OTPVerificationView.swift */ = {isa = PBXFileReference; lastKnownFileType = sourcecode.swift; path = OTPVerificationView.swift; sourceTree = "<group>"; };
		38E657142C344188004B5F0D /* View+Extensions.swift */ = {isa = PBXFileReference; fileEncoding = 4; lastKnownFileType = sourcecode.swift; path = "View+Extensions.swift"; sourceTree = "<group>"; };
		38E657172C344194004B5F0D /* CustomTF.swift */ = {isa = PBXFileReference; fileEncoding = 4; lastKnownFileType = sourcecode.swift; path = CustomTF.swift; sourceTree = "<group>"; };
		38E657182C344194004B5F0D /* GradientButton.swift */ = {isa = PBXFileReference; fileEncoding = 4; lastKnownFileType = sourcecode.swift; path = GradientButton.swift; sourceTree = "<group>"; };
		38E657192C344194004B5F0D /* Login.swift */ = {isa = PBXFileReference; fileEncoding = 4; lastKnownFileType = sourcecode.swift; path = Login.swift; sourceTree = "<group>"; };
		38E6571A2C344194004B5F0D /* Signup.swift */ = {isa = PBXFileReference; fileEncoding = 4; lastKnownFileType = sourcecode.swift; path = Signup.swift; sourceTree = "<group>"; };
		38E657202C34419D004B5F0D /* LoginView.swift */ = {isa = PBXFileReference; fileEncoding = 4; lastKnownFileType = sourcecode.swift; path = LoginView.swift; sourceTree = "<group>"; };
		5E2662742C3C704C00E9A389 /* Weathering-Heights-Info.plist */ = {isa = PBXFileReference; lastKnownFileType = text.plist; path = "Weathering-Heights-Info.plist"; sourceTree = SOURCE_ROOT; };
		5E2662752C3C728400E9A389 /* Rubik-ExtraBold.ttf */ = {isa = PBXFileReference; lastKnownFileType = file; path = "Rubik-ExtraBold.ttf"; sourceTree = "<group>"; };
		5E2662762C3C728400E9A389 /* Rubik-Italic.ttf */ = {isa = PBXFileReference; lastKnownFileType = file; path = "Rubik-Italic.ttf"; sourceTree = "<group>"; };
		5E2662772C3C728400E9A389 /* Rubik-Regular.ttf */ = {isa = PBXFileReference; lastKnownFileType = file; path = "Rubik-Regular.ttf"; sourceTree = "<group>"; };
		5E2662782C3C728400E9A389 /* Rubik-Medium.ttf */ = {isa = PBXFileReference; lastKnownFileType = file; path = "Rubik-Medium.ttf"; sourceTree = "<group>"; };
		5E2662792C3C728400E9A389 /* Rubik-BlackItalic.ttf */ = {isa = PBXFileReference; lastKnownFileType = file; path = "Rubik-BlackItalic.ttf"; sourceTree = "<group>"; };
		5E26627A2C3C728400E9A389 /* Rubik-LightItalic.ttf */ = {isa = PBXFileReference; lastKnownFileType = file; path = "Rubik-LightItalic.ttf"; sourceTree = "<group>"; };
		5E26627B2C3C728400E9A389 /* Rubik-MediumItalic.ttf */ = {isa = PBXFileReference; lastKnownFileType = file; path = "Rubik-MediumItalic.ttf"; sourceTree = "<group>"; };
		5E26627C2C3C728400E9A389 /* Rubik-SemiBoldItalic.ttf */ = {isa = PBXFileReference; lastKnownFileType = file; path = "Rubik-SemiBoldItalic.ttf"; sourceTree = "<group>"; };
		5E26627D2C3C728400E9A389 /* Rubik-SemiBold.ttf */ = {isa = PBXFileReference; lastKnownFileType = file; path = "Rubik-SemiBold.ttf"; sourceTree = "<group>"; };
		5E26627E2C3C728400E9A389 /* Rubik-Bold.ttf */ = {isa = PBXFileReference; lastKnownFileType = file; path = "Rubik-Bold.ttf"; sourceTree = "<group>"; };
		5E26627F2C3C728400E9A389 /* Rubik-Light.ttf */ = {isa = PBXFileReference; lastKnownFileType = file; path = "Rubik-Light.ttf"; sourceTree = "<group>"; };
		5E2662802C3C728400E9A389 /* Rubik-BoldItalic.ttf */ = {isa = PBXFileReference; lastKnownFileType = file; path = "Rubik-BoldItalic.ttf"; sourceTree = "<group>"; };
		5E2662812C3C728400E9A389 /* Rubik-Black.ttf */ = {isa = PBXFileReference; lastKnownFileType = file; path = "Rubik-Black.ttf"; sourceTree = "<group>"; };
		5E2662822C3C728400E9A389 /* Rubik-ExtraBoldItalic.ttf */ = {isa = PBXFileReference; lastKnownFileType = file; path = "Rubik-ExtraBoldItalic.ttf"; sourceTree = "<group>"; };
		5E58D17B2C3D9A810046C99A /* SignUpView.swift */ = {isa = PBXFileReference; lastKnownFileType = sourcecode.swift; path = SignUpView.swift; sourceTree = "<group>"; };
		5E58D1802C3DA9DC0046C99A /* CustomTextField.swift */ = {isa = PBXFileReference; lastKnownFileType = sourcecode.swift; path = CustomTextField.swift; sourceTree = "<group>"; };
		5EC50A3E2C306620006C137C /* Weathering Heights.app */ = {isa = PBXFileReference; explicitFileType = wrapper.application; includeInIndex = 0; path = "Weathering Heights.app"; sourceTree = BUILT_PRODUCTS_DIR; };
		5EC50A412C306620006C137C /* Weathering_HeightsApp.swift */ = {isa = PBXFileReference; lastKnownFileType = sourcecode.swift; path = Weathering_HeightsApp.swift; sourceTree = "<group>"; };
		5EC50A432C306620006C137C /* WelcomeView.swift */ = {isa = PBXFileReference; lastKnownFileType = sourcecode.swift; path = WelcomeView.swift; sourceTree = "<group>"; };
		5EC50A452C306621006C137C /* Assets.xcassets */ = {isa = PBXFileReference; lastKnownFileType = folder.assetcatalog; path = Assets.xcassets; sourceTree = "<group>"; };
		5EC50A482C306621006C137C /* Preview Assets.xcassets */ = {isa = PBXFileReference; lastKnownFileType = folder.assetcatalog; path = "Preview Assets.xcassets"; sourceTree = "<group>"; };
		5EC50A4E2C306621006C137C /* Weathering HeightsTests.xctest */ = {isa = PBXFileReference; explicitFileType = wrapper.cfbundle; includeInIndex = 0; path = "Weathering HeightsTests.xctest"; sourceTree = BUILT_PRODUCTS_DIR; };
		5EC50A522C306621006C137C /* Weathering_HeightsTests.swift */ = {isa = PBXFileReference; lastKnownFileType = sourcecode.swift; path = Weathering_HeightsTests.swift; sourceTree = "<group>"; };
		5EC50A582C306621006C137C /* Weathering HeightsUITests.xctest */ = {isa = PBXFileReference; explicitFileType = wrapper.cfbundle; includeInIndex = 0; path = "Weathering HeightsUITests.xctest"; sourceTree = BUILT_PRODUCTS_DIR; };
		5EC50A5C2C306621006C137C /* Weathering_HeightsUITests.swift */ = {isa = PBXFileReference; lastKnownFileType = sourcecode.swift; path = Weathering_HeightsUITests.swift; sourceTree = "<group>"; };
		5EC50A5E2C306621006C137C /* Weathering_HeightsUITestsLaunchTests.swift */ = {isa = PBXFileReference; lastKnownFileType = sourcecode.swift; path = Weathering_HeightsUITestsLaunchTests.swift; sourceTree = "<group>"; };
/* End PBXFileReference section */

/* Begin PBXFrameworksBuildPhase section */
		5EC50A3B2C306620006C137C /* Frameworks */ = {
			isa = PBXFrameworksBuildPhase;
			buildActionMask = 2147483647;
			files = (
			);
			runOnlyForDeploymentPostprocessing = 0;
		};
		5EC50A4B2C306621006C137C /* Frameworks */ = {
			isa = PBXFrameworksBuildPhase;
			buildActionMask = 2147483647;
			files = (
			);
			runOnlyForDeploymentPostprocessing = 0;
		};
		5EC50A552C306621006C137C /* Frameworks */ = {
			isa = PBXFrameworksBuildPhase;
			buildActionMask = 2147483647;
			files = (
			);
			runOnlyForDeploymentPostprocessing = 0;
		};
/* End PBXFrameworksBuildPhase section */

/* Begin PBXGroup section */
		38E657152C344188004B5F0D /* Helpers */ = {
			isa = PBXGroup;
			children = (
				38E657142C344188004B5F0D /* View+Extensions.swift */,
			);
			path = Helpers;
			sourceTree = "<group>";
		};
		38E6571B2C344194004B5F0D /* View */ = {
			isa = PBXGroup;
			children = (
				38E657172C344194004B5F0D /* CustomTF.swift */,
				388589652C3F022E0007EEA7 /* CustomTF2.swift */,
				38E657182C344194004B5F0D /* GradientButton.swift */,
				388589632C3F00E60007EEA7 /* GradientButton2.swift */,
				38E657192C344194004B5F0D /* Login.swift */,
				38E6571A2C344194004B5F0D /* Signup.swift */,
				38C070D72C37021700891AD2 /* ForgotPassword.swift */,
				38D46B8C2C3833F400D482E5 /* OTPView.swift */,
				381173F92C39618700DDBFF1 /* OTPView2.swift */,
				38D46B8E2C3870B800D482E5 /* OTPVerificationView.swift */,
				38D46B8A2C38189500D482E5 /* PasswordResetView.swift */,
			);
			path = View;
			sourceTree = "<group>";
		};
		5E26626F2C3C6F1100E9A389 /* Fonts */ = {
			isa = PBXGroup;
			children = (
				5E2662812C3C728400E9A389 /* Rubik-Black.ttf */,
				5E2662792C3C728400E9A389 /* Rubik-BlackItalic.ttf */,
				5E26627E2C3C728400E9A389 /* Rubik-Bold.ttf */,
				5E2662802C3C728400E9A389 /* Rubik-BoldItalic.ttf */,
				5E2662752C3C728400E9A389 /* Rubik-ExtraBold.ttf */,
				5E2662822C3C728400E9A389 /* Rubik-ExtraBoldItalic.ttf */,
				5E2662762C3C728400E9A389 /* Rubik-Italic.ttf */,
				5E26627F2C3C728400E9A389 /* Rubik-Light.ttf */,
				5E26627A2C3C728400E9A389 /* Rubik-LightItalic.ttf */,
				5E2662782C3C728400E9A389 /* Rubik-Medium.ttf */,
				5E26627B2C3C728400E9A389 /* Rubik-MediumItalic.ttf */,
				5E2662772C3C728400E9A389 /* Rubik-Regular.ttf */,
				5E26627D2C3C728400E9A389 /* Rubik-SemiBold.ttf */,
				5E26627C2C3C728400E9A389 /* Rubik-SemiBoldItalic.ttf */,
			);
			path = Fonts;
			sourceTree = "<group>";
		};
		5E58D17D2C3DA9750046C99A /* Components */ = {
			isa = PBXGroup;
			children = (
				5E58D1802C3DA9DC0046C99A /* CustomTextField.swift */,
			);
			path = Components;
			sourceTree = "<group>";
		};
		5EC50A352C306620006C137C = {
			isa = PBXGroup;
			children = (
				5EC50A402C306620006C137C /* Weathering Heights */,
				5EC50A512C306621006C137C /* Weathering HeightsTests */,
				5EC50A5B2C306621006C137C /* Weathering HeightsUITests */,
				5EC50A3F2C306620006C137C /* Products */,
			);
			sourceTree = "<group>";
		};
		5EC50A3F2C306620006C137C /* Products */ = {
			isa = PBXGroup;
			children = (
				5EC50A3E2C306620006C137C /* Weathering Heights.app */,
				5EC50A4E2C306621006C137C /* Weathering HeightsTests.xctest */,
				5EC50A582C306621006C137C /* Weathering HeightsUITests.xctest */,
			);
			name = Products;
			sourceTree = "<group>";
		};
		5EC50A402C306620006C137C /* Weathering Heights */ = {
			isa = PBXGroup;
			children = (
				5E2662742C3C704C00E9A389 /* Weathering-Heights-Info.plist */,
				5E26626F2C3C6F1100E9A389 /* Fonts */,
				5EC50A412C306620006C137C /* Weathering_HeightsApp.swift */,
				5EC50A432C306620006C137C /* WelcomeView.swift */,
				5E58D17B2C3D9A810046C99A /* SignUpView.swift */,
				5E58D17D2C3DA9750046C99A /* Components */,
				3805A09F2C3BCC5100A56BBF /* Profile.swift */,
				38E657202C34419D004B5F0D /* LoginView.swift */,
				38E6571B2C344194004B5F0D /* View */,
				38E657152C344188004B5F0D /* Helpers */,
				5EC50A452C306621006C137C /* Assets.xcassets */,
				5EC50A472C306621006C137C /* Preview Content */,
			);
			path = "Weathering Heights";
			sourceTree = "<group>";
		};
		5EC50A472C306621006C137C /* Preview Content */ = {
			isa = PBXGroup;
			children = (
				5EC50A482C306621006C137C /* Preview Assets.xcassets */,
			);
			path = "Preview Content";
			sourceTree = "<group>";
		};
		5EC50A512C306621006C137C /* Weathering HeightsTests */ = {
			isa = PBXGroup;
			children = (
				5EC50A522C306621006C137C /* Weathering_HeightsTests.swift */,
			);
			path = "Weathering HeightsTests";
			sourceTree = "<group>";
		};
		5EC50A5B2C306621006C137C /* Weathering HeightsUITests */ = {
			isa = PBXGroup;
			children = (
				5EC50A5C2C306621006C137C /* Weathering_HeightsUITests.swift */,
				5EC50A5E2C306621006C137C /* Weathering_HeightsUITestsLaunchTests.swift */,
			);
			path = "Weathering HeightsUITests";
			sourceTree = "<group>";
		};
/* End PBXGroup section */

/* Begin PBXNativeTarget section */
		5EC50A3D2C306620006C137C /* Weathering Heights */ = {
			isa = PBXNativeTarget;
			buildConfigurationList = 5EC50A622C306621006C137C /* Build configuration list for PBXNativeTarget "Weathering Heights" */;
			buildPhases = (
				5EC50A3A2C306620006C137C /* Sources */,
				5EC50A3B2C306620006C137C /* Frameworks */,
				5EC50A3C2C306620006C137C /* Resources */,
			);
			buildRules = (
			);
			dependencies = (
			);
			name = "Weathering Heights";
			productName = "Weathering Heights";
			productReference = 5EC50A3E2C306620006C137C /* Weathering Heights.app */;
			productType = "com.apple.product-type.application";
		};
		5EC50A4D2C306621006C137C /* Weathering HeightsTests */ = {
			isa = PBXNativeTarget;
			buildConfigurationList = 5EC50A652C306621006C137C /* Build configuration list for PBXNativeTarget "Weathering HeightsTests" */;
			buildPhases = (
				5EC50A4A2C306621006C137C /* Sources */,
				5EC50A4B2C306621006C137C /* Frameworks */,
				5EC50A4C2C306621006C137C /* Resources */,
			);
			buildRules = (
			);
			dependencies = (
				5EC50A502C306621006C137C /* PBXTargetDependency */,
			);
			name = "Weathering HeightsTests";
			productName = "Weathering HeightsTests";
			productReference = 5EC50A4E2C306621006C137C /* Weathering HeightsTests.xctest */;
			productType = "com.apple.product-type.bundle.unit-test";
		};
		5EC50A572C306621006C137C /* Weathering HeightsUITests */ = {
			isa = PBXNativeTarget;
			buildConfigurationList = 5EC50A682C306621006C137C /* Build configuration list for PBXNativeTarget "Weathering HeightsUITests" */;
			buildPhases = (
				5EC50A542C306621006C137C /* Sources */,
				5EC50A552C306621006C137C /* Frameworks */,
				5EC50A562C306621006C137C /* Resources */,
			);
			buildRules = (
			);
			dependencies = (
				5EC50A5A2C306621006C137C /* PBXTargetDependency */,
			);
			name = "Weathering HeightsUITests";
			productName = "Weathering HeightsUITests";
			productReference = 5EC50A582C306621006C137C /* Weathering HeightsUITests.xctest */;
			productType = "com.apple.product-type.bundle.ui-testing";
		};
/* End PBXNativeTarget section */

/* Begin PBXProject section */
		5EC50A362C306620006C137C /* Project object */ = {
			isa = PBXProject;
			attributes = {
				BuildIndependentTargetsInParallel = 1;
				LastSwiftUpdateCheck = 1540;
				LastUpgradeCheck = 1540;
				TargetAttributes = {
					5EC50A3D2C306620006C137C = {
						CreatedOnToolsVersion = 15.4;
					};
					5EC50A4D2C306621006C137C = {
						CreatedOnToolsVersion = 15.4;
						TestTargetID = 5EC50A3D2C306620006C137C;
					};
					5EC50A572C306621006C137C = {
						CreatedOnToolsVersion = 15.4;
						TestTargetID = 5EC50A3D2C306620006C137C;
					};
				};
			};
			buildConfigurationList = 5EC50A392C306620006C137C /* Build configuration list for PBXProject "Weathering Heights" */;
			compatibilityVersion = "Xcode 14.0";
			developmentRegion = en;
			hasScannedForEncodings = 0;
			knownRegions = (
				en,
				Base,
			);
			mainGroup = 5EC50A352C306620006C137C;
			productRefGroup = 5EC50A3F2C306620006C137C /* Products */;
			projectDirPath = "";
			projectRoot = "";
			targets = (
				5EC50A3D2C306620006C137C /* Weathering Heights */,
				5EC50A4D2C306621006C137C /* Weathering HeightsTests */,
				5EC50A572C306621006C137C /* Weathering HeightsUITests */,
			);
		};
/* End PBXProject section */

/* Begin PBXResourcesBuildPhase section */
		5EC50A3C2C306620006C137C /* Resources */ = {
			isa = PBXResourcesBuildPhase;
			buildActionMask = 2147483647;
			files = (
				5E2662842C3C728400E9A389 /* Rubik-Italic.ttf in Resources */,
				5E26628C2C3C728400E9A389 /* Rubik-Bold.ttf in Resources */,
				5E2662892C3C728400E9A389 /* Rubik-MediumItalic.ttf in Resources */,
				5E26628F2C3C728400E9A389 /* Rubik-Black.ttf in Resources */,
				5E26628D2C3C728400E9A389 /* Rubik-Light.ttf in Resources */,
				5E2662882C3C728400E9A389 /* Rubik-LightItalic.ttf in Resources */,
				5E26628E2C3C728400E9A389 /* Rubik-BoldItalic.ttf in Resources */,
				5EC50A492C306621006C137C /* Preview Assets.xcassets in Resources */,
				5E2662832C3C728400E9A389 /* Rubik-ExtraBold.ttf in Resources */,
				5E2662862C3C728400E9A389 /* Rubik-Medium.ttf in Resources */,
				5E2662902C3C728400E9A389 /* Rubik-ExtraBoldItalic.ttf in Resources */,
				5E2662872C3C728400E9A389 /* Rubik-BlackItalic.ttf in Resources */,
				5E26628A2C3C728400E9A389 /* Rubik-SemiBoldItalic.ttf in Resources */,
				5E26628B2C3C728400E9A389 /* Rubik-SemiBold.ttf in Resources */,
				5E2662852C3C728400E9A389 /* Rubik-Regular.ttf in Resources */,
				5EC50A462C306621006C137C /* Assets.xcassets in Resources */,
			);
			runOnlyForDeploymentPostprocessing = 0;
		};
		5EC50A4C2C306621006C137C /* Resources */ = {
			isa = PBXResourcesBuildPhase;
			buildActionMask = 2147483647;
			files = (
			);
			runOnlyForDeploymentPostprocessing = 0;
		};
		5EC50A562C306621006C137C /* Resources */ = {
			isa = PBXResourcesBuildPhase;
			buildActionMask = 2147483647;
			files = (
			);
			runOnlyForDeploymentPostprocessing = 0;
		};
/* End PBXResourcesBuildPhase section */

/* Begin PBXSourcesBuildPhase section */
		5EC50A3A2C306620006C137C /* Sources */ = {
			isa = PBXSourcesBuildPhase;
			buildActionMask = 2147483647;
			files = (
				3805A0A02C3BCC5100A56BBF /* Profile.swift in Sources */,
				388589662C3F022E0007EEA7 /* CustomTF2.swift in Sources */,
				5E58D17C2C3D9A810046C99A /* SignUpView.swift in Sources */,
				381173FA2C39618700DDBFF1 /* OTPView2.swift in Sources */,
				388589642C3F00E60007EEA7 /* GradientButton2.swift in Sources */,
				38D46B8D2C3833F400D482E5 /* OTPView.swift in Sources */,
				5E58D1812C3DA9DC0046C99A /* CustomTextField.swift in Sources */,
				38E6571F2C344194004B5F0D /* Signup.swift in Sources */,
				38D46B8B2C38189500D482E5 /* PasswordResetView.swift in Sources */,
				38E6571D2C344194004B5F0D /* GradientButton.swift in Sources */,
				5EC50A442C306620006C137C /* WelcomeView.swift in Sources */,
				38E657212C34419D004B5F0D /* LoginView.swift in Sources */,
				38E657162C344188004B5F0D /* View+Extensions.swift in Sources */,
				38E6571E2C344194004B5F0D /* Login.swift in Sources */,
				38E6571C2C344194004B5F0D /* CustomTF.swift in Sources */,
				38D46B8F2C3870B800D482E5 /* OTPVerificationView.swift in Sources */,
				5EC50A422C306620006C137C /* Weathering_HeightsApp.swift in Sources */,
				38C070D82C37021700891AD2 /* ForgotPassword.swift in Sources */,
			);
			runOnlyForDeploymentPostprocessing = 0;
		};
		5EC50A4A2C306621006C137C /* Sources */ = {
			isa = PBXSourcesBuildPhase;
			buildActionMask = 2147483647;
			files = (
				5EC50A532C306621006C137C /* Weathering_HeightsTests.swift in Sources */,
			);
			runOnlyForDeploymentPostprocessing = 0;
		};
		5EC50A542C306621006C137C /* Sources */ = {
			isa = PBXSourcesBuildPhase;
			buildActionMask = 2147483647;
			files = (
				5EC50A5D2C306621006C137C /* Weathering_HeightsUITests.swift in Sources */,
				5EC50A5F2C306621006C137C /* Weathering_HeightsUITestsLaunchTests.swift in Sources */,
			);
			runOnlyForDeploymentPostprocessing = 0;
		};
/* End PBXSourcesBuildPhase section */

/* Begin PBXTargetDependency section */
		5EC50A502C306621006C137C /* PBXTargetDependency */ = {
			isa = PBXTargetDependency;
			target = 5EC50A3D2C306620006C137C /* Weathering Heights */;
			targetProxy = 5EC50A4F2C306621006C137C /* PBXContainerItemProxy */;
		};
		5EC50A5A2C306621006C137C /* PBXTargetDependency */ = {
			isa = PBXTargetDependency;
			target = 5EC50A3D2C306620006C137C /* Weathering Heights */;
			targetProxy = 5EC50A592C306621006C137C /* PBXContainerItemProxy */;
		};
/* End PBXTargetDependency section */

/* Begin XCBuildConfiguration section */
		5EC50A602C306621006C137C /* Debug */ = {
			isa = XCBuildConfiguration;
			buildSettings = {
				ALWAYS_SEARCH_USER_PATHS = NO;
				ASSETCATALOG_COMPILER_GENERATE_SWIFT_ASSET_SYMBOL_EXTENSIONS = YES;
				CLANG_ANALYZER_NONNULL = YES;
				CLANG_ANALYZER_NUMBER_OBJECT_CONVERSION = YES_AGGRESSIVE;
				CLANG_CXX_LANGUAGE_STANDARD = "gnu++20";
				CLANG_ENABLE_MODULES = YES;
				CLANG_ENABLE_OBJC_ARC = YES;
				CLANG_ENABLE_OBJC_WEAK = YES;
				CLANG_WARN_BLOCK_CAPTURE_AUTORELEASING = YES;
				CLANG_WARN_BOOL_CONVERSION = YES;
				CLANG_WARN_COMMA = YES;
				CLANG_WARN_CONSTANT_CONVERSION = YES;
				CLANG_WARN_DEPRECATED_OBJC_IMPLEMENTATIONS = YES;
				CLANG_WARN_DIRECT_OBJC_ISA_USAGE = YES_ERROR;
				CLANG_WARN_DOCUMENTATION_COMMENTS = YES;
				CLANG_WARN_EMPTY_BODY = YES;
				CLANG_WARN_ENUM_CONVERSION = YES;
				CLANG_WARN_INFINITE_RECURSION = YES;
				CLANG_WARN_INT_CONVERSION = YES;
				CLANG_WARN_NON_LITERAL_NULL_CONVERSION = YES;
				CLANG_WARN_OBJC_IMPLICIT_RETAIN_SELF = YES;
				CLANG_WARN_OBJC_LITERAL_CONVERSION = YES;
				CLANG_WARN_OBJC_ROOT_CLASS = YES_ERROR;
				CLANG_WARN_QUOTED_INCLUDE_IN_FRAMEWORK_HEADER = YES;
				CLANG_WARN_RANGE_LOOP_ANALYSIS = YES;
				CLANG_WARN_STRICT_PROTOTYPES = YES;
				CLANG_WARN_SUSPICIOUS_MOVE = YES;
				CLANG_WARN_UNGUARDED_AVAILABILITY = YES_AGGRESSIVE;
				CLANG_WARN_UNREACHABLE_CODE = YES;
				CLANG_WARN__DUPLICATE_METHOD_MATCH = YES;
				COPY_PHASE_STRIP = NO;
				DEBUG_INFORMATION_FORMAT = dwarf;
				ENABLE_STRICT_OBJC_MSGSEND = YES;
				ENABLE_TESTABILITY = YES;
				ENABLE_USER_SCRIPT_SANDBOXING = YES;
				GCC_C_LANGUAGE_STANDARD = gnu17;
				GCC_DYNAMIC_NO_PIC = NO;
				GCC_NO_COMMON_BLOCKS = YES;
				GCC_OPTIMIZATION_LEVEL = 0;
				GCC_PREPROCESSOR_DEFINITIONS = (
					"DEBUG=1",
					"$(inherited)",
				);
				GCC_WARN_64_TO_32_BIT_CONVERSION = YES;
				GCC_WARN_ABOUT_RETURN_TYPE = YES_ERROR;
				GCC_WARN_UNDECLARED_SELECTOR = YES;
				GCC_WARN_UNINITIALIZED_AUTOS = YES_AGGRESSIVE;
				GCC_WARN_UNUSED_FUNCTION = YES;
				GCC_WARN_UNUSED_VARIABLE = YES;
				IPHONEOS_DEPLOYMENT_TARGET = 17.5;
				LOCALIZATION_PREFERS_STRING_CATALOGS = YES;
				MTL_ENABLE_DEBUG_INFO = INCLUDE_SOURCE;
				MTL_FAST_MATH = YES;
				ONLY_ACTIVE_ARCH = YES;
				SDKROOT = iphoneos;
				SWIFT_ACTIVE_COMPILATION_CONDITIONS = "DEBUG $(inherited)";
				SWIFT_OPTIMIZATION_LEVEL = "-Onone";
			};
			name = Debug;
		};
		5EC50A612C306621006C137C /* Release */ = {
			isa = XCBuildConfiguration;
			buildSettings = {
				ALWAYS_SEARCH_USER_PATHS = NO;
				ASSETCATALOG_COMPILER_GENERATE_SWIFT_ASSET_SYMBOL_EXTENSIONS = YES;
				CLANG_ANALYZER_NONNULL = YES;
				CLANG_ANALYZER_NUMBER_OBJECT_CONVERSION = YES_AGGRESSIVE;
				CLANG_CXX_LANGUAGE_STANDARD = "gnu++20";
				CLANG_ENABLE_MODULES = YES;
				CLANG_ENABLE_OBJC_ARC = YES;
				CLANG_ENABLE_OBJC_WEAK = YES;
				CLANG_WARN_BLOCK_CAPTURE_AUTORELEASING = YES;
				CLANG_WARN_BOOL_CONVERSION = YES;
				CLANG_WARN_COMMA = YES;
				CLANG_WARN_CONSTANT_CONVERSION = YES;
				CLANG_WARN_DEPRECATED_OBJC_IMPLEMENTATIONS = YES;
				CLANG_WARN_DIRECT_OBJC_ISA_USAGE = YES_ERROR;
				CLANG_WARN_DOCUMENTATION_COMMENTS = YES;
				CLANG_WARN_EMPTY_BODY = YES;
				CLANG_WARN_ENUM_CONVERSION = YES;
				CLANG_WARN_INFINITE_RECURSION = YES;
				CLANG_WARN_INT_CONVERSION = YES;
				CLANG_WARN_NON_LITERAL_NULL_CONVERSION = YES;
				CLANG_WARN_OBJC_IMPLICIT_RETAIN_SELF = YES;
				CLANG_WARN_OBJC_LITERAL_CONVERSION = YES;
				CLANG_WARN_OBJC_ROOT_CLASS = YES_ERROR;
				CLANG_WARN_QUOTED_INCLUDE_IN_FRAMEWORK_HEADER = YES;
				CLANG_WARN_RANGE_LOOP_ANALYSIS = YES;
				CLANG_WARN_STRICT_PROTOTYPES = YES;
				CLANG_WARN_SUSPICIOUS_MOVE = YES;
				CLANG_WARN_UNGUARDED_AVAILABILITY = YES_AGGRESSIVE;
				CLANG_WARN_UNREACHABLE_CODE = YES;
				CLANG_WARN__DUPLICATE_METHOD_MATCH = YES;
				COPY_PHASE_STRIP = NO;
				DEBUG_INFORMATION_FORMAT = "dwarf-with-dsym";
				ENABLE_NS_ASSERTIONS = NO;
				ENABLE_STRICT_OBJC_MSGSEND = YES;
				ENABLE_USER_SCRIPT_SANDBOXING = YES;
				GCC_C_LANGUAGE_STANDARD = gnu17;
				GCC_NO_COMMON_BLOCKS = YES;
				GCC_WARN_64_TO_32_BIT_CONVERSION = YES;
				GCC_WARN_ABOUT_RETURN_TYPE = YES_ERROR;
				GCC_WARN_UNDECLARED_SELECTOR = YES;
				GCC_WARN_UNINITIALIZED_AUTOS = YES_AGGRESSIVE;
				GCC_WARN_UNUSED_FUNCTION = YES;
				GCC_WARN_UNUSED_VARIABLE = YES;
				IPHONEOS_DEPLOYMENT_TARGET = 17.5;
				LOCALIZATION_PREFERS_STRING_CATALOGS = YES;
				MTL_ENABLE_DEBUG_INFO = NO;
				MTL_FAST_MATH = YES;
				SDKROOT = iphoneos;
				SWIFT_COMPILATION_MODE = wholemodule;
				VALIDATE_PRODUCT = YES;
			};
			name = Release;
		};
		5EC50A632C306621006C137C /* Debug */ = {
			isa = XCBuildConfiguration;
			buildSettings = {
				ASSETCATALOG_COMPILER_APPICON_NAME = AppIcon;
				ASSETCATALOG_COMPILER_GLOBAL_ACCENT_COLOR_NAME = AccentColor;
				CODE_SIGN_STYLE = Automatic;
				CURRENT_PROJECT_VERSION = 1;
				DEVELOPMENT_ASSET_PATHS = "\"Weathering Heights/Preview Content\"";
				ENABLE_PREVIEWS = YES;
				GENERATE_INFOPLIST_FILE = YES;
				INFOPLIST_FILE = "Weathering-Heights-Info.plist";
				INFOPLIST_KEY_UIApplicationSceneManifest_Generation = YES;
				INFOPLIST_KEY_UIApplicationSupportsIndirectInputEvents = YES;
				INFOPLIST_KEY_UILaunchScreen_Generation = YES;
				INFOPLIST_KEY_UISupportedInterfaceOrientations_iPad = "UIInterfaceOrientationPortrait UIInterfaceOrientationPortraitUpsideDown UIInterfaceOrientationLandscapeLeft UIInterfaceOrientationLandscapeRight";
				INFOPLIST_KEY_UISupportedInterfaceOrientations_iPhone = "UIInterfaceOrientationPortrait UIInterfaceOrientationLandscapeLeft UIInterfaceOrientationLandscapeRight";
				LD_RUNPATH_SEARCH_PATHS = (
					"$(inherited)",
					"@executable_path/Frameworks",
				);
				MARKETING_VERSION = 1.0;
				PRODUCT_BUNDLE_IDENTIFIER = "com.climatecrafters.Weathering-Heights";
				PRODUCT_NAME = "$(TARGET_NAME)";
				SWIFT_EMIT_LOC_STRINGS = YES;
				SWIFT_VERSION = 5.0;
				TARGETED_DEVICE_FAMILY = "1,2";
			};
			name = Debug;
		};
		5EC50A642C306621006C137C /* Release */ = {
			isa = XCBuildConfiguration;
			buildSettings = {
				ASSETCATALOG_COMPILER_APPICON_NAME = AppIcon;
				ASSETCATALOG_COMPILER_GLOBAL_ACCENT_COLOR_NAME = AccentColor;
				CODE_SIGN_STYLE = Automatic;
				CURRENT_PROJECT_VERSION = 1;
				DEVELOPMENT_ASSET_PATHS = "\"Weathering Heights/Preview Content\"";
				ENABLE_PREVIEWS = YES;
				GENERATE_INFOPLIST_FILE = YES;
				INFOPLIST_FILE = "Weathering-Heights-Info.plist";
				INFOPLIST_KEY_UIApplicationSceneManifest_Generation = YES;
				INFOPLIST_KEY_UIApplicationSupportsIndirectInputEvents = YES;
				INFOPLIST_KEY_UILaunchScreen_Generation = YES;
				INFOPLIST_KEY_UISupportedInterfaceOrientations_iPad = "UIInterfaceOrientationPortrait UIInterfaceOrientationPortraitUpsideDown UIInterfaceOrientationLandscapeLeft UIInterfaceOrientationLandscapeRight";
				INFOPLIST_KEY_UISupportedInterfaceOrientations_iPhone = "UIInterfaceOrientationPortrait UIInterfaceOrientationLandscapeLeft UIInterfaceOrientationLandscapeRight";
				LD_RUNPATH_SEARCH_PATHS = (
					"$(inherited)",
					"@executable_path/Frameworks",
				);
				MARKETING_VERSION = 1.0;
				PRODUCT_BUNDLE_IDENTIFIER = "com.climatecrafters.Weathering-Heights";
				PRODUCT_NAME = "$(TARGET_NAME)";
				SWIFT_EMIT_LOC_STRINGS = YES;
				SWIFT_VERSION = 5.0;
				TARGETED_DEVICE_FAMILY = "1,2";
			};
			name = Release;
		};
		5EC50A662C306621006C137C /* Debug */ = {
			isa = XCBuildConfiguration;
			buildSettings = {
				ALWAYS_EMBED_SWIFT_STANDARD_LIBRARIES = YES;
				BUNDLE_LOADER = "$(TEST_HOST)";
				CODE_SIGN_STYLE = Automatic;
				CURRENT_PROJECT_VERSION = 1;
				GENERATE_INFOPLIST_FILE = YES;
				IPHONEOS_DEPLOYMENT_TARGET = 17.5;
				MARKETING_VERSION = 1.0;
				PRODUCT_BUNDLE_IDENTIFIER = "com.climatecrafters.Weathering-HeightsTests";
				PRODUCT_NAME = "$(TARGET_NAME)";
				SWIFT_EMIT_LOC_STRINGS = NO;
				SWIFT_VERSION = 5.0;
				TARGETED_DEVICE_FAMILY = "1,2";
				TEST_HOST = "$(BUILT_PRODUCTS_DIR)/Weathering Heights.app/$(BUNDLE_EXECUTABLE_FOLDER_PATH)/Weathering Heights";
			};
			name = Debug;
		};
		5EC50A672C306621006C137C /* Release */ = {
			isa = XCBuildConfiguration;
			buildSettings = {
				ALWAYS_EMBED_SWIFT_STANDARD_LIBRARIES = YES;
				BUNDLE_LOADER = "$(TEST_HOST)";
				CODE_SIGN_STYLE = Automatic;
				CURRENT_PROJECT_VERSION = 1;
				GENERATE_INFOPLIST_FILE = YES;
				IPHONEOS_DEPLOYMENT_TARGET = 17.5;
				MARKETING_VERSION = 1.0;
				PRODUCT_BUNDLE_IDENTIFIER = "com.climatecrafters.Weathering-HeightsTests";
				PRODUCT_NAME = "$(TARGET_NAME)";
				SWIFT_EMIT_LOC_STRINGS = NO;
				SWIFT_VERSION = 5.0;
				TARGETED_DEVICE_FAMILY = "1,2";
				TEST_HOST = "$(BUILT_PRODUCTS_DIR)/Weathering Heights.app/$(BUNDLE_EXECUTABLE_FOLDER_PATH)/Weathering Heights";
			};
			name = Release;
		};
		5EC50A692C306621006C137C /* Debug */ = {
			isa = XCBuildConfiguration;
			buildSettings = {
				ALWAYS_EMBED_SWIFT_STANDARD_LIBRARIES = YES;
				CODE_SIGN_STYLE = Automatic;
				CURRENT_PROJECT_VERSION = 1;
				GENERATE_INFOPLIST_FILE = YES;
				MARKETING_VERSION = 1.0;
				PRODUCT_BUNDLE_IDENTIFIER = "com.climatecrafters.Weathering-HeightsUITests";
				PRODUCT_NAME = "$(TARGET_NAME)";
				SWIFT_EMIT_LOC_STRINGS = NO;
				SWIFT_VERSION = 5.0;
				TARGETED_DEVICE_FAMILY = "1,2";
				TEST_TARGET_NAME = "Weathering Heights";
			};
			name = Debug;
		};
		5EC50A6A2C306621006C137C /* Release */ = {
			isa = XCBuildConfiguration;
			buildSettings = {
				ALWAYS_EMBED_SWIFT_STANDARD_LIBRARIES = YES;
				CODE_SIGN_STYLE = Automatic;
				CURRENT_PROJECT_VERSION = 1;
				GENERATE_INFOPLIST_FILE = YES;
				MARKETING_VERSION = 1.0;
				PRODUCT_BUNDLE_IDENTIFIER = "com.climatecrafters.Weathering-HeightsUITests";
				PRODUCT_NAME = "$(TARGET_NAME)";
				SWIFT_EMIT_LOC_STRINGS = NO;
				SWIFT_VERSION = 5.0;
				TARGETED_DEVICE_FAMILY = "1,2";
				TEST_TARGET_NAME = "Weathering Heights";
			};
			name = Release;
		};
/* End XCBuildConfiguration section */

/* Begin XCConfigurationList section */
		5EC50A392C306620006C137C /* Build configuration list for PBXProject "Weathering Heights" */ = {
			isa = XCConfigurationList;
			buildConfigurations = (
				5EC50A602C306621006C137C /* Debug */,
				5EC50A612C306621006C137C /* Release */,
			);
			defaultConfigurationIsVisible = 0;
			defaultConfigurationName = Release;
		};
		5EC50A622C306621006C137C /* Build configuration list for PBXNativeTarget "Weathering Heights" */ = {
			isa = XCConfigurationList;
			buildConfigurations = (
				5EC50A632C306621006C137C /* Debug */,
				5EC50A642C306621006C137C /* Release */,
			);
			defaultConfigurationIsVisible = 0;
			defaultConfigurationName = Release;
		};
		5EC50A652C306621006C137C /* Build configuration list for PBXNativeTarget "Weathering HeightsTests" */ = {
			isa = XCConfigurationList;
			buildConfigurations = (
				5EC50A662C306621006C137C /* Debug */,
				5EC50A672C306621006C137C /* Release */,
			);
			defaultConfigurationIsVisible = 0;
			defaultConfigurationName = Release;
		};
		5EC50A682C306621006C137C /* Build configuration list for PBXNativeTarget "Weathering HeightsUITests" */ = {
			isa = XCConfigurationList;
			buildConfigurations = (
				5EC50A692C306621006C137C /* Debug */,
				5EC50A6A2C306621006C137C /* Release */,
			);
			defaultConfigurationIsVisible = 0;
			defaultConfigurationName = Release;
		};
/* End XCConfigurationList section */
	};
	rootObject = 5EC50A362C306620006C137C /* Project object */;
}
